// !$*UTF8*$!
{
	archiveVersion = 1;
	classes = {
	};
	objectVersion = 46;
	objects = {

/* Begin PBXBuildFile section */
		F307D58A162AED1400340F22 /* PTNAlertView.h in Headers */ = {isa = PBXBuildFile; fileRef = F307D589162AED0500340F22 /* PTNAlertView.h */; settings = {ATTRIBUTES = (Public, ); }; };
		F3363892166CDBB60091D62E /* Foundation.framework in Frameworks */ = {isa = PBXBuildFile; fileRef = F3C642B11626F4EC00D5D81B /* Foundation.framework */; };
		F3363893166CDBBB0091D62E /* libPTNAdditions.a in Frameworks */ = {isa = PBXBuildFile; fileRef = F3863B081626F54800FF686B /* libPTNAdditions.a */; };
		F3363894166CDBBB0091D62E /* libPTNLogger.a in Frameworks */ = {isa = PBXBuildFile; fileRef = F3863B181626F54900FF686B /* libPTNLogger.a */; };
		F3363895166CDBBB0091D62E /* libPTNStorage.a in Frameworks */ = {isa = PBXBuildFile; fileRef = F3863B101626F54900FF686B /* libPTNStorage.a */; };
		F3863B2D1626F67300FF686B /* PTNExpandableLabel.h in Headers */ = {isa = PBXBuildFile; fileRef = F3863B2C1626F63A00FF686B /* PTNExpandableLabel.h */; settings = {ATTRIBUTES = (Public, ); }; };
		F3863B2E1626F67300FF686B /* PTNCoverView.h in Headers */ = {isa = PBXBuildFile; fileRef = F3863B2B1626F60F00FF686B /* PTNCoverView.h */; settings = {ATTRIBUTES = (Public, ); }; };
		F3863B2F1626F67300FF686B /* PTNControls.h in Headers */ = {isa = PBXBuildFile; fileRef = F3863B2A1626F60400FF686B /* PTNControls.h */; settings = {ATTRIBUTES = (Public, ); }; };
		F3863B301626F67300FF686B /* PTNStorage.h in Headers */ = {isa = PBXBuildFile; fileRef = F3863B291626F5F800FF686B /* PTNStorage.h */; settings = {ATTRIBUTES = (Public, ); }; };
		F3863B311626F67300FF686B /* PTNLogger.h in Headers */ = {isa = PBXBuildFile; fileRef = F3863B281626F5EB00FF686B /* PTNLogger.h */; settings = {ATTRIBUTES = (Public, ); }; };
		F3863B321626F67300FF686B /* NSObject+PTNAdditions.h in Headers */ = {isa = PBXBuildFile; fileRef = F3863B241626F5DC00FF686B /* NSObject+PTNAdditions.h */; settings = {ATTRIBUTES = (Public, ); }; };
		F3863B331626F67300FF686B /* UIImage+PTNAdditions.h in Headers */ = {isa = PBXBuildFile; fileRef = F3863B251626F5DC00FF686B /* UIImage+PTNAdditions.h */; settings = {ATTRIBUTES = (Public, ); }; };
		F3863B341626F67300FF686B /* NSString+PTNAdditions.h in Headers */ = {isa = PBXBuildFile; fileRef = F3863B261626F5DC00FF686B /* NSString+PTNAdditions.h */; settings = {ATTRIBUTES = (Public, ); }; };
		F3863B351626F67300FF686B /* PTNAdditions.h in Headers */ = {isa = PBXBuildFile; fileRef = F3863B271626F5DC00FF686B /* PTNAdditions.h */; settings = {ATTRIBUTES = (Public, ); }; };
		F3863C2B16283FBD00FF686B /* libPTNControls.a in Frameworks */ = {isa = PBXBuildFile; fileRef = F3863AFF1626F54800FF686B /* libPTNControls.a */; };
		F388064516B5760700345922 /* PTNContainerViewController.h in Headers */ = {isa = PBXBuildFile; fileRef = F36CB651167C8EA70054C9E3 /* PTNContainerViewController.h */; settings = {ATTRIBUTES = (Public, ); }; };
		F38AECEC166CD93C005AFC7F /* UIView+PTNAdditions.h in Headers */ = {isa = PBXBuildFile; fileRef = F38AEC8B166CD6B8005AFC7F /* UIView+PTNAdditions.h */; settings = {ATTRIBUTES = (Public, ); }; };
		F3C642B71626F4EC00D5D81B /* PTNArtifacts.h in Headers */ = {isa = PBXBuildFile; fileRef = F3C642B61626F4EC00D5D81B /* PTNArtifacts.h */; settings = {ATTRIBUTES = (Public, ); }; };
		F3C642B91626F4EC00D5D81B /* PTNArtifacts.m in Sources */ = {isa = PBXBuildFile; fileRef = F3C642B81626F4EC00D5D81B /* PTNArtifacts.m */; };
/* End PBXBuildFile section */

/* Begin PBXContainerItemProxy section */
		F3863AFE1626F54800FF686B /* PBXContainerItemProxy */ = {
			isa = PBXContainerItemProxy;
			containerPortal = F3C642BF1626F51100D5D81B /* PTNControls.xcodeproj */;
			proxyType = 2;
			remoteGlobalIDString = F32363F215DB816C00AFF591;
			remoteInfo = PTNControls;
		};
		F3863B001626F54800FF686B /* PBXContainerItemProxy */ = {
			isa = PBXContainerItemProxy;
			containerPortal = F3C642BF1626F51100D5D81B /* PTNControls.xcodeproj */;
			proxyType = 2;
			remoteGlobalIDString = F323640215DB816C00AFF591;
			remoteInfo = PTNControlsTests;
		};
		F3863B071626F54800FF686B /* PBXContainerItemProxy */ = {
			isa = PBXContainerItemProxy;
			containerPortal = F3C642C21626F51100D5D81B /* PTNAdditions.xcodeproj */;
			proxyType = 2;
			remoteGlobalIDString = F328E65B1626AD0A00654270;
			remoteInfo = PTNAdditions;
		};
		F3863B091626F54800FF686B /* PBXContainerItemProxy */ = {
			isa = PBXContainerItemProxy;
			containerPortal = F3C642C21626F51100D5D81B /* PTNAdditions.xcodeproj */;
			proxyType = 2;
			remoteGlobalIDString = F3F7FD4215DA329400F1725F;
			remoteInfo = PTNAdditionsTests;
		};
		F3863B0F1626F54900FF686B /* PBXContainerItemProxy */ = {
			isa = PBXContainerItemProxy;
			containerPortal = F3C642C01626F51100D5D81B /* PTNStorage.xcodeproj */;
			proxyType = 2;
			remoteGlobalIDString = F3FF809715BEC17300D1684B;
			remoteInfo = PTNStorage;
		};
		F3863B111626F54900FF686B /* PBXContainerItemProxy */ = {
			isa = PBXContainerItemProxy;
			containerPortal = F3C642C01626F51100D5D81B /* PTNStorage.xcodeproj */;
			proxyType = 2;
			remoteGlobalIDString = F3FF80A715BEC17400D1684B;
			remoteInfo = PTNStorageTests;
		};
		F3863B171626F54900FF686B /* PBXContainerItemProxy */ = {
			isa = PBXContainerItemProxy;
			containerPortal = F3C642C11626F51100D5D81B /* PTNLogger.xcodeproj */;
			proxyType = 2;
			remoteGlobalIDString = F398665615BD13740077A0F0;
			remoteInfo = PTNLogger;
		};
		F3863B191626F54900FF686B /* PBXContainerItemProxy */ = {
			isa = PBXContainerItemProxy;
			containerPortal = F3C642C11626F51100D5D81B /* PTNLogger.xcodeproj */;
			proxyType = 2;
			remoteGlobalIDString = F398666615BD13740077A0F0;
			remoteInfo = PTNLoggerTests;
		};
		F3863B1B1626F55C00FF686B /* PBXContainerItemProxy */ = {
			isa = PBXContainerItemProxy;
			containerPortal = F3C642C01626F51100D5D81B /* PTNStorage.xcodeproj */;
			proxyType = 1;
			remoteGlobalIDString = F3FF809615BEC17300D1684B;
			remoteInfo = PTNStorage;
		};
		F3863B1D1626F55C00FF686B /* PBXContainerItemProxy */ = {
			isa = PBXContainerItemProxy;
			containerPortal = F3C642C21626F51100D5D81B /* PTNAdditions.xcodeproj */;
			proxyType = 1;
			remoteGlobalIDString = F328E65A1626AD0A00654270;
			remoteInfo = PTNAdditions;
		};
		F3863B1F1626F55C00FF686B /* PBXContainerItemProxy */ = {
			isa = PBXContainerItemProxy;
			containerPortal = F3C642BF1626F51100D5D81B /* PTNControls.xcodeproj */;
			proxyType = 1;
			remoteGlobalIDString = F32363F115DB816C00AFF591;
			remoteInfo = PTNControls;
		};
		F3863B211626F55C00FF686B /* PBXContainerItemProxy */ = {
			isa = PBXContainerItemProxy;
			containerPortal = F3C642C11626F51100D5D81B /* PTNLogger.xcodeproj */;
			proxyType = 1;
			remoteGlobalIDString = F398665515BD13740077A0F0;
			remoteInfo = PTNLogger;
		};
/* End PBXContainerItemProxy section */

/* Begin PBXFileReference section */
		F307D589162AED0500340F22 /* PTNAlertView.h */ = {isa = PBXFileReference; fileEncoding = 4; lastKnownFileType = sourcecode.c.h; name = PTNAlertView.h; path = ../../PTNControls/PTNControls/PTNAlertView.h; sourceTree = "<group>"; };
		F36CB651167C8EA70054C9E3 /* PTNContainerViewController.h */ = {isa = PBXFileReference; fileEncoding = 4; lastKnownFileType = sourcecode.c.h; name = PTNContainerViewController.h; path = ../../PTNControls/PTNControls/PTNContainerViewController.h; sourceTree = "<group>"; };
		F3863B241626F5DC00FF686B /* NSObject+PTNAdditions.h */ = {isa = PBXFileReference; fileEncoding = 4; lastKnownFileType = sourcecode.c.h; name = "NSObject+PTNAdditions.h"; path = "../../PTNAdditions/PTNAdditions/NSObject+PTNAdditions.h"; sourceTree = "<group>"; };
		F3863B251626F5DC00FF686B /* UIImage+PTNAdditions.h */ = {isa = PBXFileReference; fileEncoding = 4; lastKnownFileType = sourcecode.c.h; name = "UIImage+PTNAdditions.h"; path = "../../PTNAdditions/PTNAdditions/UIImage+PTNAdditions.h"; sourceTree = "<group>"; };
		F3863B261626F5DC00FF686B /* NSString+PTNAdditions.h */ = {isa = PBXFileReference; fileEncoding = 4; lastKnownFileType = sourcecode.c.h; name = "NSString+PTNAdditions.h"; path = "../../PTNAdditions/PTNAdditions/NSString+PTNAdditions.h"; sourceTree = "<group>"; };
		F3863B271626F5DC00FF686B /* PTNAdditions.h */ = {isa = PBXFileReference; lastKnownFileType = sourcecode.c.h; name = PTNAdditions.h; path = ../../PTNAdditions/PTNAdditions/PTNAdditions.h; sourceTree = "<group>"; };
		F3863B281626F5EB00FF686B /* PTNLogger.h */ = {isa = PBXFileReference; fileEncoding = 4; lastKnownFileType = sourcecode.c.h; name = PTNLogger.h; path = ../../PTNLogger/PTNLogger/PTNLogger.h; sourceTree = "<group>"; };
		F3863B291626F5F800FF686B /* PTNStorage.h */ = {isa = PBXFileReference; lastKnownFileType = sourcecode.c.h; name = PTNStorage.h; path = ../../PTNStorage/PTNStorage/PTNStorage.h; sourceTree = "<group>"; };
		F3863B2A1626F60400FF686B /* PTNControls.h */ = {isa = PBXFileReference; lastKnownFileType = sourcecode.c.h; name = PTNControls.h; path = ../../PTNControls/PTNControls/PTNControls.h; sourceTree = "<group>"; };
		F3863B2B1626F60F00FF686B /* PTNCoverView.h */ = {isa = PBXFileReference; fileEncoding = 4; lastKnownFileType = sourcecode.c.h; name = PTNCoverView.h; path = ../../PTNControls/PTNControls/PTNCoverView.h; sourceTree = "<group>"; };
		F3863B2C1626F63A00FF686B /* PTNExpandableLabel.h */ = {isa = PBXFileReference; fileEncoding = 4; lastKnownFileType = sourcecode.c.h; name = PTNExpandableLabel.h; path = ../../PTNControls/PTNControls/PTNExpandableLabel.h; sourceTree = "<group>"; };
		F38AEC8B166CD6B8005AFC7F /* UIView+PTNAdditions.h */ = {isa = PBXFileReference; fileEncoding = 4; lastKnownFileType = sourcecode.c.h; name = "UIView+PTNAdditions.h"; path = "../../PTNAdditions/PTNAdditions/UIView+PTNAdditions.h"; sourceTree = "<group>"; };
		F3C642AE1626F4EC00D5D81B /* libPTNArtifacts.a */ = {isa = PBXFileReference; explicitFileType = archive.ar; includeInIndex = 0; path = libPTNArtifacts.a; sourceTree = BUILT_PRODUCTS_DIR; };
		F3C642B11626F4EC00D5D81B /* Foundation.framework */ = {isa = PBXFileReference; lastKnownFileType = wrapper.framework; name = Foundation.framework; path = System/Library/Frameworks/Foundation.framework; sourceTree = SDKROOT; };
		F3C642B51626F4EC00D5D81B /* PTNArtifacts-Prefix.pch */ = {isa = PBXFileReference; lastKnownFileType = sourcecode.c.h; path = "PTNArtifacts-Prefix.pch"; sourceTree = "<group>"; };
		F3C642B61626F4EC00D5D81B /* PTNArtifacts.h */ = {isa = PBXFileReference; lastKnownFileType = sourcecode.c.h; path = PTNArtifacts.h; sourceTree = "<group>"; };
		F3C642B81626F4EC00D5D81B /* PTNArtifacts.m */ = {isa = PBXFileReference; lastKnownFileType = sourcecode.c.objc; path = PTNArtifacts.m; sourceTree = "<group>"; };
		F3C642BF1626F51100D5D81B /* PTNControls.xcodeproj */ = {isa = PBXFileReference; lastKnownFileType = "wrapper.pb-project"; name = PTNControls.xcodeproj; path = ../PTNControls/PTNControls.xcodeproj; sourceTree = "<group>"; };
		F3C642C01626F51100D5D81B /* PTNStorage.xcodeproj */ = {isa = PBXFileReference; lastKnownFileType = "wrapper.pb-project"; name = PTNStorage.xcodeproj; path = ../PTNStorage/PTNStorage.xcodeproj; sourceTree = "<group>"; };
		F3C642C11626F51100D5D81B /* PTNLogger.xcodeproj */ = {isa = PBXFileReference; lastKnownFileType = "wrapper.pb-project"; name = PTNLogger.xcodeproj; path = ../PTNLogger/PTNLogger.xcodeproj; sourceTree = "<group>"; };
		F3C642C21626F51100D5D81B /* PTNAdditions.xcodeproj */ = {isa = PBXFileReference; lastKnownFileType = "wrapper.pb-project"; name = PTNAdditions.xcodeproj; path = ../PTNAdditions/PTNAdditions.xcodeproj; sourceTree = "<group>"; };
		F3C642C31626F52600D5D81B /* libPTNAdditions.a */ = {isa = PBXFileReference; lastKnownFileType = archive.ar; name = libPTNAdditions.a; path = "../../../../Library/Developer/Xcode/DerivedData/PTNBlocks-gmmbsqswewomxffzdzwvfluskfho/Build/Products/Debug-iphoneos/libPTNAdditions.a"; sourceTree = "<group>"; };
		F3C642C51626F52600D5D81B /* libPTNLogger.a */ = {isa = PBXFileReference; lastKnownFileType = archive.ar; name = libPTNLogger.a; path = "../../../../Library/Developer/Xcode/DerivedData/PTNBlocks-gmmbsqswewomxffzdzwvfluskfho/Build/Products/Debug-iphoneos/libPTNLogger.a"; sourceTree = "<group>"; };
		F3C642C61626F52600D5D81B /* libPTNStorage.a */ = {isa = PBXFileReference; lastKnownFileType = archive.ar; name = libPTNStorage.a; path = "../../../../Library/Developer/Xcode/DerivedData/PTNBlocks-gmmbsqswewomxffzdzwvfluskfho/Build/Products/Debug-iphoneos/libPTNStorage.a"; sourceTree = "<group>"; };
/* End PBXFileReference section */

/* Begin PBXFrameworksBuildPhase section */
		F3C642AB1626F4EC00D5D81B /* Frameworks */ = {
			isa = PBXFrameworksBuildPhase;
			buildActionMask = 2147483647;
			files = (
				F3363893166CDBBB0091D62E /* libPTNAdditions.a in Frameworks */,
				F3363894166CDBBB0091D62E /* libPTNLogger.a in Frameworks */,
				F3363895166CDBBB0091D62E /* libPTNStorage.a in Frameworks */,
				F3363892166CDBB60091D62E /* Foundation.framework in Frameworks */,
				F3863C2B16283FBD00FF686B /* libPTNControls.a in Frameworks */,
			);
			runOnlyForDeploymentPostprocessing = 0;
		};
/* End PBXFrameworksBuildPhase section */

/* Begin PBXGroup section */
		F3863AFA1626F54800FF686B /* Products */ = {
			isa = PBXGroup;
			children = (
				F3863AFF1626F54800FF686B /* libPTNControls.a */,
				F3863B011626F54800FF686B /* PTNControlsTests.octest */,
			);
			name = Products;
			sourceTree = "<group>";
		};
		F3863B031626F54800FF686B /* Products */ = {
			isa = PBXGroup;
			children = (
				F3863B081626F54800FF686B /* libPTNAdditions.a */,
				F3863B0A1626F54800FF686B /* PTNAdditionsTests.octest */,
			);
			name = Products;
			sourceTree = "<group>";
		};
		F3863B0B1626F54900FF686B /* Products */ = {
			isa = PBXGroup;
			children = (
				F3863B101626F54900FF686B /* libPTNStorage.a */,
				F3863B121626F54900FF686B /* PTNStorageTests.octest */,
			);
			name = Products;
			sourceTree = "<group>";
		};
		F3863B131626F54900FF686B /* Products */ = {
			isa = PBXGroup;
			children = (
				F3863B181626F54900FF686B /* libPTNLogger.a */,
				F3863B1A1626F54900FF686B /* PTNLoggerTests.octest */,
			);
			name = Products;
			sourceTree = "<group>";
		};
		F3863B231626F5C400FF686B /* Headers */ = {
			isa = PBXGroup;
			children = (
				F307D589162AED0500340F22 /* PTNAlertView.h */,
				F3863B2C1626F63A00FF686B /* PTNExpandableLabel.h */,
				F3863B2B1626F60F00FF686B /* PTNCoverView.h */,
				F3863B2A1626F60400FF686B /* PTNControls.h */,
				F3863B291626F5F800FF686B /* PTNStorage.h */,
				F3863B281626F5EB00FF686B /* PTNLogger.h */,
				F3863B241626F5DC00FF686B /* NSObject+PTNAdditions.h */,
				F3863B251626F5DC00FF686B /* UIImage+PTNAdditions.h */,
				F3863B261626F5DC00FF686B /* NSString+PTNAdditions.h */,
				F38AEC8B166CD6B8005AFC7F /* UIView+PTNAdditions.h */,
				F36CB651167C8EA70054C9E3 /* PTNContainerViewController.h */,
				F3863B271626F5DC00FF686B /* PTNAdditions.h */,
			);
			name = Headers;
			sourceTree = "<group>";
		};
		F3C642A31626F4EC00D5D81B = {
			isa = PBXGroup;
			children = (
				F3C642B31626F4EC00D5D81B /* PTNArtifacts */,
				F3C642B01626F4EC00D5D81B /* Frameworks */,
				F3C642AF1626F4EC00D5D81B /* Products */,
			);
			sourceTree = "<group>";
		};
		F3C642AF1626F4EC00D5D81B /* Products */ = {
			isa = PBXGroup;
			children = (
				F3C642AE1626F4EC00D5D81B /* libPTNArtifacts.a */,
			);
			name = Products;
			sourceTree = "<group>";
		};
		F3C642B01626F4EC00D5D81B /* Frameworks */ = {
			isa = PBXGroup;
			children = (
				F3C642C31626F52600D5D81B /* libPTNAdditions.a */,
				F3C642C51626F52600D5D81B /* libPTNLogger.a */,
				F3C642C61626F52600D5D81B /* libPTNStorage.a */,
				F3C642BF1626F51100D5D81B /* PTNControls.xcodeproj */,
				F3C642C01626F51100D5D81B /* PTNStorage.xcodeproj */,
				F3C642C11626F51100D5D81B /* PTNLogger.xcodeproj */,
				F3C642C21626F51100D5D81B /* PTNAdditions.xcodeproj */,
				F3C642B11626F4EC00D5D81B /* Foundation.framework */,
			);
			name = Frameworks;
			sourceTree = "<group>";
		};
		F3C642B31626F4EC00D5D81B /* PTNArtifacts */ = {
			isa = PBXGroup;
			children = (
				F3863B231626F5C400FF686B /* Headers */,
				F3C642B61626F4EC00D5D81B /* PTNArtifacts.h */,
				F3C642B81626F4EC00D5D81B /* PTNArtifacts.m */,
				F3C642B41626F4EC00D5D81B /* Supporting Files */,
			);
			path = PTNArtifacts;
			sourceTree = "<group>";
		};
		F3C642B41626F4EC00D5D81B /* Supporting Files */ = {
			isa = PBXGroup;
			children = (
				F3C642B51626F4EC00D5D81B /* PTNArtifacts-Prefix.pch */,
			);
			name = "Supporting Files";
			sourceTree = "<group>";
		};
/* End PBXGroup section */

/* Begin PBXHeadersBuildPhase section */
		F3749E86167B5F90003BC748 /* Headers */ = {
			isa = PBXHeadersBuildPhase;
			buildActionMask = 2147483647;
			files = (
				F38AECEC166CD93C005AFC7F /* UIView+PTNAdditions.h in Headers */,
				F307D58A162AED1400340F22 /* PTNAlertView.h in Headers */,
				F3863B2D1626F67300FF686B /* PTNExpandableLabel.h in Headers */,
				F3863B2E1626F67300FF686B /* PTNCoverView.h in Headers */,
				F3863B2F1626F67300FF686B /* PTNControls.h in Headers */,
				F3863B301626F67300FF686B /* PTNStorage.h in Headers */,
				F3863B311626F67300FF686B /* PTNLogger.h in Headers */,
				F3863B321626F67300FF686B /* NSObject+PTNAdditions.h in Headers */,
				F3863B331626F67300FF686B /* UIImage+PTNAdditions.h in Headers */,
				F3863B341626F67300FF686B /* NSString+PTNAdditions.h in Headers */,
				F388064516B5760700345922 /* PTNContainerViewController.h in Headers */,
				F3863B351626F67300FF686B /* PTNAdditions.h in Headers */,
				F3C642B71626F4EC00D5D81B /* PTNArtifacts.h in Headers */,
			);
			runOnlyForDeploymentPostprocessing = 0;
		};
/* End PBXHeadersBuildPhase section */

/* Begin PBXNativeTarget section */
		F3C642AD1626F4EC00D5D81B /* PTNArtifacts */ = {
			isa = PBXNativeTarget;
			buildConfigurationList = F3C642BC1626F4EC00D5D81B /* Build configuration list for PBXNativeTarget "PTNArtifacts" */;
			buildPhases = (
				F3C642AA1626F4EC00D5D81B /* Sources */,
				F3C642AB1626F4EC00D5D81B /* Frameworks */,
				F3749E86167B5F90003BC748 /* Headers */,
			);
			buildRules = (
			);
			dependencies = (
				F3863B1C1626F55C00FF686B /* PBXTargetDependency */,
				F3863B1E1626F55C00FF686B /* PBXTargetDependency */,
				F3863B201626F55C00FF686B /* PBXTargetDependency */,
				F3863B221626F55C00FF686B /* PBXTargetDependency */,
			);
			name = PTNArtifacts;
			productName = PTNArtifacts;
			productReference = F3C642AE1626F4EC00D5D81B /* libPTNArtifacts.a */;
			productType = "com.apple.product-type.library.static";
		};
/* End PBXNativeTarget section */

/* Begin PBXProject section */
		F3C642A51626F4EC00D5D81B /* Project object */ = {
			isa = PBXProject;
			attributes = {
				LastUpgradeCheck = 0450;
				ORGANIZATIONNAME = "Peter Gusev";
			};
			buildConfigurationList = F3C642A81626F4EC00D5D81B /* Build configuration list for PBXProject "PTNArtifacts" */;
			compatibilityVersion = "Xcode 3.2";
			developmentRegion = English;
			hasScannedForEncodings = 0;
			knownRegions = (
				en,
			);
			mainGroup = F3C642A31626F4EC00D5D81B;
			productRefGroup = F3C642AF1626F4EC00D5D81B /* Products */;
			projectDirPath = "";
			projectReferences = (
				{
					ProductGroup = F3863B031626F54800FF686B /* Products */;
					ProjectRef = F3C642C21626F51100D5D81B /* PTNAdditions.xcodeproj */;
				},
				{
					ProductGroup = F3863AFA1626F54800FF686B /* Products */;
					ProjectRef = F3C642BF1626F51100D5D81B /* PTNControls.xcodeproj */;
				},
				{
					ProductGroup = F3863B131626F54900FF686B /* Products */;
					ProjectRef = F3C642C11626F51100D5D81B /* PTNLogger.xcodeproj */;
				},
				{
					ProductGroup = F3863B0B1626F54900FF686B /* Products */;
					ProjectRef = F3C642C01626F51100D5D81B /* PTNStorage.xcodeproj */;
				},
			);
			projectRoot = "";
			targets = (
				F3C642AD1626F4EC00D5D81B /* PTNArtifacts */,
			);
		};
/* End PBXProject section */

/* Begin PBXReferenceProxy section */
		F3863AFF1626F54800FF686B /* libPTNControls.a */ = {
			isa = PBXReferenceProxy;
			fileType = archive.ar;
			path = libPTNControls.a;
			remoteRef = F3863AFE1626F54800FF686B /* PBXContainerItemProxy */;
			sourceTree = BUILT_PRODUCTS_DIR;
		};
		F3863B011626F54800FF686B /* PTNControlsTests.octest */ = {
			isa = PBXReferenceProxy;
			fileType = wrapper.cfbundle;
			path = PTNControlsTests.octest;
			remoteRef = F3863B001626F54800FF686B /* PBXContainerItemProxy */;
			sourceTree = BUILT_PRODUCTS_DIR;
		};
		F3863B081626F54800FF686B /* libPTNAdditions.a */ = {
			isa = PBXReferenceProxy;
			fileType = archive.ar;
			path = libPTNAdditions.a;
			remoteRef = F3863B071626F54800FF686B /* PBXContainerItemProxy */;
			sourceTree = BUILT_PRODUCTS_DIR;
		};
		F3863B0A1626F54800FF686B /* PTNAdditionsTests.octest */ = {
			isa = PBXReferenceProxy;
			fileType = wrapper.cfbundle;
			path = PTNAdditionsTests.octest;
			remoteRef = F3863B091626F54800FF686B /* PBXContainerItemProxy */;
			sourceTree = BUILT_PRODUCTS_DIR;
		};
		F3863B101626F54900FF686B /* libPTNStorage.a */ = {
			isa = PBXReferenceProxy;
			fileType = archive.ar;
			path = libPTNStorage.a;
			remoteRef = F3863B0F1626F54900FF686B /* PBXContainerItemProxy */;
			sourceTree = BUILT_PRODUCTS_DIR;
		};
		F3863B121626F54900FF686B /* PTNStorageTests.octest */ = {
			isa = PBXReferenceProxy;
			fileType = wrapper.cfbundle;
			path = PTNStorageTests.octest;
			remoteRef = F3863B111626F54900FF686B /* PBXContainerItemProxy */;
			sourceTree = BUILT_PRODUCTS_DIR;
		};
		F3863B181626F54900FF686B /* libPTNLogger.a */ = {
			isa = PBXReferenceProxy;
			fileType = archive.ar;
			path = libPTNLogger.a;
			remoteRef = F3863B171626F54900FF686B /* PBXContainerItemProxy */;
			sourceTree = BUILT_PRODUCTS_DIR;
		};
		F3863B1A1626F54900FF686B /* PTNLoggerTests.octest */ = {
			isa = PBXReferenceProxy;
			fileType = wrapper.cfbundle;
			path = PTNLoggerTests.octest;
			remoteRef = F3863B191626F54900FF686B /* PBXContainerItemProxy */;
			sourceTree = BUILT_PRODUCTS_DIR;
		};
/* End PBXReferenceProxy section */

/* Begin PBXSourcesBuildPhase section */
		F3C642AA1626F4EC00D5D81B /* Sources */ = {
			isa = PBXSourcesBuildPhase;
			buildActionMask = 2147483647;
			files = (
				F3C642B91626F4EC00D5D81B /* PTNArtifacts.m in Sources */,
			);
			runOnlyForDeploymentPostprocessing = 0;
		};
/* End PBXSourcesBuildPhase section */

/* Begin PBXTargetDependency section */
		F3863B1C1626F55C00FF686B /* PBXTargetDependency */ = {
			isa = PBXTargetDependency;
			name = PTNStorage;
			targetProxy = F3863B1B1626F55C00FF686B /* PBXContainerItemProxy */;
		};
		F3863B1E1626F55C00FF686B /* PBXTargetDependency */ = {
			isa = PBXTargetDependency;
			name = PTNAdditions;
			targetProxy = F3863B1D1626F55C00FF686B /* PBXContainerItemProxy */;
		};
		F3863B201626F55C00FF686B /* PBXTargetDependency */ = {
			isa = PBXTargetDependency;
			name = PTNControls;
			targetProxy = F3863B1F1626F55C00FF686B /* PBXContainerItemProxy */;
		};
		F3863B221626F55C00FF686B /* PBXTargetDependency */ = {
			isa = PBXTargetDependency;
			name = PTNLogger;
			targetProxy = F3863B211626F55C00FF686B /* PBXContainerItemProxy */;
		};
/* End PBXTargetDependency section */

/* Begin XCBuildConfiguration section */
		F3C642BA1626F4EC00D5D81B /* Debug */ = {
			isa = XCBuildConfiguration;
			buildSettings = {
				ALWAYS_SEARCH_USER_PATHS = NO;
				CLANG_CXX_LANGUAGE_STANDARD = "gnu++0x";
				CLANG_CXX_LIBRARY = "libc++";
				CLANG_ENABLE_OBJC_ARC = YES;
				CLANG_WARN_EMPTY_BODY = YES;
				CLANG_WARN__DUPLICATE_METHOD_MATCH = YES;
				COPY_PHASE_STRIP = NO;
				GCC_C_LANGUAGE_STANDARD = gnu99;
				GCC_DYNAMIC_NO_PIC = NO;
				GCC_OPTIMIZATION_LEVEL = 0;
				GCC_PREPROCESSOR_DEFINITIONS = (
					"DEBUG=1",
					"$(inherited)",
				);
				GCC_SYMBOLS_PRIVATE_EXTERN = NO;
				GCC_WARN_ABOUT_RETURN_TYPE = YES;
				GCC_WARN_UNINITIALIZED_AUTOS = YES;
				GCC_WARN_UNUSED_VARIABLE = YES;
				IPHONEOS_DEPLOYMENT_TARGET = 6.0;
				SDKROOT = iphoneos;
				SKIP_INSTALL = YES;
			};
			name = Debug;
		};
		F3C642BB1626F4EC00D5D81B /* Release */ = {
			isa = XCBuildConfiguration;
			buildSettings = {
				ALWAYS_SEARCH_USER_PATHS = NO;
				CLANG_CXX_LANGUAGE_STANDARD = "gnu++0x";
				CLANG_CXX_LIBRARY = "libc++";
				CLANG_ENABLE_OBJC_ARC = YES;
				CLANG_WARN_EMPTY_BODY = YES;
				CLANG_WARN__DUPLICATE_METHOD_MATCH = YES;
				COPY_PHASE_STRIP = YES;
				GCC_C_LANGUAGE_STANDARD = gnu99;
				GCC_WARN_ABOUT_RETURN_TYPE = YES;
				GCC_WARN_UNINITIALIZED_AUTOS = YES;
				GCC_WARN_UNUSED_VARIABLE = YES;
				IPHONEOS_DEPLOYMENT_TARGET = 6.0;
				SDKROOT = iphoneos;
				SKIP_INSTALL = YES;
				VALIDATE_PRODUCT = YES;
			};
			name = Release;
		};
		F3C642BD1626F4EC00D5D81B /* Debug */ = {
			isa = XCBuildConfiguration;
			buildSettings = {
				DSTROOT = /tmp/PTNArtifacts.dst;
				GCC_PRECOMPILE_PREFIX_HEADER = YES;
				GCC_PREFIX_HEADER = "PTNArtifacts/PTNArtifacts-Prefix.pch";
				LIBRARY_SEARCH_PATHS = (
					"$(inherited)",
					"\"$(SRCROOT)/../../../../Library/Developer/Xcode/DerivedData/PTNBlocks-gmmbsqswewomxffzdzwvfluskfho/Build/Products/Debug-iphoneos\"",
				);
				OTHER_LDFLAGS = "-ObjC";
				PRODUCT_NAME = "$(TARGET_NAME)";
				PUBLIC_HEADERS_FOLDER_PATH = "include/$(PRODUCT_NAME)";
				SKIP_INSTALL = YES;
			};
			name = Debug;
		};
		F3C642BE1626F4EC00D5D81B /* Release */ = {
			isa = XCBuildConfiguration;
			buildSettings = {
				DSTROOT = /tmp/PTNArtifacts.dst;
				GCC_PRECOMPILE_PREFIX_HEADER = YES;
				GCC_PREFIX_HEADER = "PTNArtifacts/PTNArtifacts-Prefix.pch";
				LIBRARY_SEARCH_PATHS = (
					"$(inherited)",
					"\"$(SRCROOT)/../../../../Library/Developer/Xcode/DerivedData/PTNBlocks-gmmbsqswewomxffzdzwvfluskfho/Build/Products/Debug-iphoneos\"",
				);
				OTHER_LDFLAGS = "-ObjC";
				PRODUCT_NAME = "$(TARGET_NAME)";
				PUBLIC_HEADERS_FOLDER_PATH = "include/$(PRODUCT_NAME)";
				SKIP_INSTALL = YES;
			};
			name = Release;
		};
/* End XCBuildConfiguration section */

/* Begin XCConfigurationList section */
		F3C642A81626F4EC00D5D81B /* Build configuration list for PBXProject "PTNArtifacts" */ = {
			isa = XCConfigurationList;
			buildConfigurations = (
				F3C642BA1626F4EC00D5D81B /* Debug */,
				F3C642BB1626F4EC00D5D81B /* Release */,
			);
			defaultConfigurationIsVisible = 0;
			defaultConfigurationName = Release;
		};
		F3C642BC1626F4EC00D5D81B /* Build configuration list for PBXNativeTarget "PTNArtifacts" */ = {
			isa = XCConfigurationList;
			buildConfigurations = (
				F3C642BD1626F4EC00D5D81B /* Debug */,
				F3C642BE1626F4EC00D5D81B /* Release */,
			);
			defaultConfigurationIsVisible = 0;
			defaultConfigurationName = Release;
		};
/* End XCConfigurationList section */
	};
	rootObject = F3C642A51626F4EC00D5D81B /* Project object */;
}
